// !$*UTF8*$!
{
	archiveVersion = 1;
	classes = {
	};
	objectVersion = 46;
	objects = {

/* Begin PBXBuildFile section */
		1586D20B182E90B7007C7693 /* UIKit.framework in Frameworks */ = {isa = PBXBuildFile; fileRef = 1586D20A182E90B7007C7693 /* UIKit.framework */; };
		1586D20D182E90B7007C7693 /* Foundation.framework in Frameworks */ = {isa = PBXBuildFile; fileRef = 1586D20C182E90B7007C7693 /* Foundation.framework */; };
		1586D20F182E90B7007C7693 /* CoreGraphics.framework in Frameworks */ = {isa = PBXBuildFile; fileRef = 1586D20E182E90B7007C7693 /* CoreGraphics.framework */; };
		1586D211182E90B7007C7693 /* CoreData.framework in Frameworks */ = {isa = PBXBuildFile; fileRef = 1586D210182E90B7007C7693 /* CoreData.framework */; };
		1586D217182E90B7007C7693 /* InfoPlist.strings in Resources */ = {isa = PBXBuildFile; fileRef = 1586D215182E90B7007C7693 /* InfoPlist.strings */; };
		1586D219182E90B7007C7693 /* main.m in Sources */ = {isa = PBXBuildFile; fileRef = 1586D218182E90B7007C7693 /* main.m */; };
		1586D21D182E90B7007C7693 /* AppDelegate.m in Sources */ = {isa = PBXBuildFile; fileRef = 1586D21C182E90B7007C7693 /* AppDelegate.m */; };
		1586D21F182E90B7007C7693 /* Default.png in Resources */ = {isa = PBXBuildFile; fileRef = 1586D21E182E90B7007C7693 /* Default.png */; };
		1586D221182E90B7007C7693 /* Default@2x.png in Resources */ = {isa = PBXBuildFile; fileRef = 1586D220182E90B7007C7693 /* Default@2x.png */; };
		1586D223182E90B7007C7693 /* Default-568h@2x.png in Resources */ = {isa = PBXBuildFile; fileRef = 1586D222182E90B7007C7693 /* Default-568h@2x.png */; };
		1586D226182E90B7007C7693 /* FirstEntities.xcdatamodeld in Sources */ = {isa = PBXBuildFile; fileRef = 1586D224182E90B7007C7693 /* FirstEntities.xcdatamodeld */; };
/* End PBXBuildFile section */

/* Begin PBXFileReference section */
		1586D207182E90B7007C7693 /* FirstEntities.app */ = {isa = PBXFileReference; explicitFileType = wrapper.application; includeInIndex = 0; path = FirstEntities.app; sourceTree = BUILT_PRODUCTS_DIR; };
		1586D20A182E90B7007C7693 /* UIKit.framework */ = {isa = PBXFileReference; lastKnownFileType = wrapper.framework; name = UIKit.framework; path = System/Library/Frameworks/UIKit.framework; sourceTree = SDKROOT; };
		1586D20C182E90B7007C7693 /* Foundation.framework */ = {isa = PBXFileReference; lastKnownFileType = wrapper.framework; name = Foundation.framework; path = System/Library/Frameworks/Foundation.framework; sourceTree = SDKROOT; };
		1586D20E182E90B7007C7693 /* CoreGraphics.framework */ = {isa = PBXFileReference; lastKnownFileType = wrapper.framework; name = CoreGraphics.framework; path = System/Library/Frameworks/CoreGraphics.framework; sourceTree = SDKROOT; };
		1586D210182E90B7007C7693 /* CoreData.framework */ = {isa = PBXFileReference; lastKnownFileType = wrapper.framework; name = CoreData.framework; path = System/Library/Frameworks/CoreData.framework; sourceTree = SDKROOT; };
		1586D214182E90B7007C7693 /* FirstEntities-Info.plist */ = {isa = PBXFileReference; lastKnownFileType = text.plist.xml; path = "FirstEntities-Info.plist"; sourceTree = "<group>"; };
		1586D216182E90B7007C7693 /* en */ = {isa = PBXFileReference; lastKnownFileType = text.plist.strings; name = en; path = en.lproj/InfoPlist.strings; sourceTree = "<group>"; };
		1586D218182E90B7007C7693 /* main.m */ = {isa = PBXFileReference; lastKnownFileType = sourcecode.c.objc; path = main.m; sourceTree = "<group>"; };
		1586D21A182E90B7007C7693 /* FirstEntities-Prefix.pch */ = {isa = PBXFileReference; lastKnownFileType = sourcecode.c.h; path = "FirstEntities-Prefix.pch"; sourceTree = "<group>"; };
		1586D21B182E90B7007C7693 /* AppDelegate.h */ = {isa = PBXFileReference; lastKnownFileType = sourcecode.c.h; path = AppDelegate.h; sourceTree = "<group>"; };
		1586D21C182E90B7007C7693 /* AppDelegate.m */ = {isa = PBXFileReference; lastKnownFileType = sourcecode.c.objc; path = AppDelegate.m; sourceTree = "<group>"; };
		1586D21E182E90B7007C7693 /* Default.png */ = {isa = PBXFileReference; lastKnownFileType = image.png; path = Default.png; sourceTree = "<group>"; };
		1586D220182E90B7007C7693 /* Default@2x.png */ = {isa = PBXFileReference; lastKnownFileType = image.png; path = "Default@2x.png"; sourceTree = "<group>"; };
		1586D222182E90B7007C7693 /* Default-568h@2x.png */ = {isa = PBXFileReference; lastKnownFileType = image.png; path = "Default-568h@2x.png"; sourceTree = "<group>"; };
		1586D225182E90B7007C7693 /* FirstEntities.xcdatamodel */ = {isa = PBXFileReference; lastKnownFileType = wrapper.xcdatamodel; path = FirstEntities.xcdatamodel; sourceTree = "<group>"; };
/* End PBXFileReference section */

/* Begin PBXFrameworksBuildPhase section */
		1586D204182E90B7007C7693 /* Frameworks */ = {
			isa = PBXFrameworksBuildPhase;
			buildActionMask = 2147483647;
			files = (
				1586D20B182E90B7007C7693 /* UIKit.framework in Frameworks */,
				1586D20D182E90B7007C7693 /* Foundation.framework in Frameworks */,
				1586D20F182E90B7007C7693 /* CoreGraphics.framework in Frameworks */,
				1586D211182E90B7007C7693 /* CoreData.framework in Frameworks */,
			);
			runOnlyForDeploymentPostprocessing = 0;
		};
/* End PBXFrameworksBuildPhase section */

/* Begin PBXGroup section */
		1586D1FE182E90B7007C7693 = {
			isa = PBXGroup;
			children = (
				1586D212182E90B7007C7693 /* FirstEntities */,
				1586D209182E90B7007C7693 /* Frameworks */,
				1586D208182E90B7007C7693 /* Products */,
			);
			sourceTree = "<group>";
		};
		1586D208182E90B7007C7693 /* Products */ = {
			isa = PBXGroup;
			children = (
				1586D207182E90B7007C7693 /* FirstEntities.app */,
			);
			name = Products;
			sourceTree = "<group>";
		};
		1586D209182E90B7007C7693 /* Frameworks */ = {
			isa = PBXGroup;
			children = (
				1586D20A182E90B7007C7693 /* UIKit.framework */,
				1586D20C182E90B7007C7693 /* Foundation.framework */,
				1586D20E182E90B7007C7693 /* CoreGraphics.framework */,
				1586D210182E90B7007C7693 /* CoreData.framework */,
			);
			name = Frameworks;
			sourceTree = "<group>";
		};
		1586D212182E90B7007C7693 /* FirstEntities */ = {
			isa = PBXGroup;
			children = (
				1586D21B182E90B7007C7693 /* AppDelegate.h */,
				1586D21C182E90B7007C7693 /* AppDelegate.m */,
				1586D224182E90B7007C7693 /* FirstEntities.xcdatamodeld */,
				1586D213182E90B7007C7693 /* Supporting Files */,
			);
			path = FirstEntities;
			sourceTree = "<group>";
		};
		1586D213182E90B7007C7693 /* Supporting Files */ = {
			isa = PBXGroup;
			children = (
				1586D214182E90B7007C7693 /* FirstEntities-Info.plist */,
				1586D215182E90B7007C7693 /* InfoPlist.strings */,
				1586D218182E90B7007C7693 /* main.m */,
				1586D21A182E90B7007C7693 /* FirstEntities-Prefix.pch */,
				1586D21E182E90B7007C7693 /* Default.png */,
				1586D220182E90B7007C7693 /* Default@2x.png */,
				1586D222182E90B7007C7693 /* Default-568h@2x.png */,
			);
			name = "Supporting Files";
			sourceTree = "<group>";
		};
/* End PBXGroup section */

/* Begin PBXNativeTarget section */
		1586D206182E90B7007C7693 /* FirstEntities */ = {
			isa = PBXNativeTarget;
			buildConfigurationList = 1586D229182E90B7007C7693 /* Build configuration list for PBXNativeTarget "FirstEntities" */;
			buildPhases = (
				1586D203182E90B7007C7693 /* Sources */,
				1586D204182E90B7007C7693 /* Frameworks */,
				1586D205182E90B7007C7693 /* Resources */,
			);
			buildRules = (
			);
			dependencies = (
			);
			name = FirstEntities;
			productName = FirstEntities;
			productReference = 1586D207182E90B7007C7693 /* FirstEntities.app */;
			productType = "com.apple.product-type.application";
		};
/* End PBXNativeTarget section */

/* Begin PBXProject section */
		1586D1FF182E90B7007C7693 /* Project object */ = {
			isa = PBXProject;
			attributes = {
				LastUpgradeCheck = 0460;
				ORGANIZATIONNAME = "Sebastian Boldt";
			};
			buildConfigurationList = 1586D202182E90B7007C7693 /* Build configuration list for PBXProject "FirstEntities" */;
			compatibilityVersion = "Xcode 3.2";
			developmentRegion = English;
			hasScannedForEncodings = 0;
			knownRegions = (
				en,
			);
			mainGroup = 1586D1FE182E90B7007C7693;
			productRefGroup = 1586D208182E90B7007C7693 /* Products */;
			projectDirPath = "";
			projectRoot = "";
			targets = (
				1586D206182E90B7007C7693 /* FirstEntities */,
			);
		};
/* End PBXProject section */

/* Begin PBXResourcesBuildPhase section */
		1586D205182E90B7007C7693 /* Resources */ = {
			isa = PBXResourcesBuildPhase;
			buildActionMask = 2147483647;
			files = (
				1586D217182E90B7007C7693 /* InfoPlist.strings in Resources */,
				1586D21F182E90B7007C7693 /* Default.png in Resources */,
				1586D221182E90B7007C7693 /* Default@2x.png in Resources */,
				1586D223182E90B7007C7693 /* Default-568h@2x.png in Resources */,
			);
			runOnlyForDeploymentPostprocessing = 0;
		};
/* End PBXResourcesBuildPhase section */

/* Begin PBXSourcesBuildPhase section */
		1586D203182E90B7007C7693 /* Sources */ = {
			isa = PBXSourcesBuildPhase;
			buildActionMask = 2147483647;
			files = (
				1586D219182E90B7007C7693 /* main.m in Sources */,
				1586D21D182E90B7007C7693 /* AppDelegate.m in Sources */,
				1586D226182E90B7007C7693 /* FirstEntities.xcdatamodeld in Sources */,
			);
			runOnlyForDeploymentPostprocessing = 0;
		};
/* End PBXSourcesBuildPhase section */

/* Begin PBXVariantGroup section */
		1586D215182E90B7007C7693 /* InfoPlist.strings */ = {
			isa = PBXVariantGroup;
			children = (
				1586D216182E90B7007C7693 /* en */,
			);
			name = InfoPlist.strings;
			sourceTree = "<group>";
		};
/* End PBXVariantGroup section */

/* Begin XCBuildConfiguration section */
		1586D227182E90B7007C7693 /* Debug */ = {
			isa = XCBuildConfiguration;
			buildSettings = {
				ALWAYS_SEARCH_USER_PATHS = NO;
				CLANG_CXX_LANGUAGE_STANDARD = "gnu++0x";
				CLANG_CXX_LIBRARY = "libc++";
				CLANG_ENABLE_OBJC_ARC = YES;
				CLANG_WARN_CONSTANT_CONVERSION = YES;
				CLANG_WARN_EMPTY_BODY = YES;
				CLANG_WARN_ENUM_CONVERSION = YES;
				CLANG_WARN_INT_CONVERSION = YES;
				CLANG_WARN__DUPLICATE_METHOD_MATCH = YES;
				"CODE_SIGN_IDENTITY[sdk=iphoneos*]" = "iPhone Developer";
				COPY_PHASE_STRIP = NO;
				GCC_C_LANGUAGE_STANDARD = gnu99;
				GCC_DYNAMIC_NO_PIC = NO;
				GCC_OPTIMIZATION_LEVEL = 0;
				GCC_PREPROCESSOR_DEFINITIONS = (
					"DEBUG=1",
					"$(inherited)",
				);
				GCC_SYMBOLS_PRIVATE_EXTERN = NO;
				GCC_WARN_ABOUT_RETURN_TYPE = YES;
				GCC_WARN_UNINITIALIZED_AUTOS = YES;
				GCC_WARN_UNUSED_VARIABLE = YES;
				IPHONEOS_DEPLOYMENT_TARGET = 6.1;
				ONLY_ACTIVE_ARCH = YES;
				SDKROOT = iphoneos;
			};
			name = Debug;
		};
		1586D228182E90B7007C7693 /* Release */ = {
			isa = XCBuildConfiguration;
			buildSettings = {
				ALWAYS_SEARCH_USER_PATHS = NO;
				CLANG_CXX_LANGUAGE_STANDARD = "gnu++0x";
				CLANG_CXX_LIBRARY = "libc++";
				CLANG_ENABLE_OBJC_ARC = YES;
				CLANG_WARN_CONSTANT_CONVERSION = YES;
				CLANG_WARN_EMPTY_BODY = YES;
				CLANG_WARN_ENUM_CONVERSION = YES;
				CLANG_WARN_INT_CONVERSION = YES;
				CLANG_WARN__DUPLICATE_METHOD_MATCH = YES;
				"CODE_SIGN_IDENTITY[sdk=iphoneos*]" = "iPhone Developer";
				COPY_PHASE_STRIP = YES;
				GCC_C_LANGUAGE_STANDARD = gnu99;
				GCC_WARN_ABOUT_RETURN_TYPE = YES;
				GCC_WARN_UNINITIALIZED_AUTOS = YES;
				GCC_WARN_UNUSED_VARIABLE = YES;
				IPHONEOS_DEPLOYMENT_TARGET = 6.1;
				OTHER_CFLAGS = "-DNS_BLOCK_ASSERTIONS=1";
				SDKROOT = iphoneos;
				VALIDATE_PRODUCT = YES;
			};
			name = Release;
		};
		1586D22A182E90B7007C7693 /* Debug */ = {
			isa = XCBuildConfiguration;
			buildSettings = {
				GCC_PRECOMPILE_PREFIX_HEADER = YES;
				GCC_PREFIX_HEADER = "FirstEntities/FirstEntities-Prefix.pch";
				INFOPLIST_FILE = "FirstEntities/FirstEntities-Info.plist";
				PRODUCT_NAME = "$(TARGET_NAME)";
				WRAPPER_EXTENSION = app;
			};
			name = Debug;
		};
		1586D22B182E90B7007C7693 /* Release */ = {
			isa = XCBuildConfiguration;
			buildSettings = {
				GCC_PRECOMPILE_PREFIX_HEADER = YES;
				GCC_PREFIX_HEADER = "FirstEntities/FirstEntities-Prefix.pch";
				INFOPLIST_FILE = "FirstEntities/FirstEntities-Info.plist";
				PRODUCT_NAME = "$(TARGET_NAME)";
				WRAPPER_EXTENSION = app;
			};
			name = Release;
		};
/* End XCBuildConfiguration section */

/* Begin XCConfigurationList section */
		1586D202182E90B7007C7693 /* Build configuration list for PBXProject "FirstEntities" */ = {
			isa = XCConfigurationList;
			buildConfigurations = (
				1586D227182E90B7007C7693 /* Debug */,
				1586D228182E90B7007C7693 /* Release */,
			);
			defaultConfigurationIsVisible = 0;
			defaultConfigurationName = Release;
		};
		1586D229182E90B7007C7693 /* Build configuration list for PBXNativeTarget "FirstEntities" */ = {
			isa = XCConfigurationList;
			buildConfigurations = (
				1586D22A182E90B7007C7693 /* Debug */,
				1586D22B182E90B7007C7693 /* Release */,
			);
			defaultConfigurationIsVisible = 0;
		};
/* End XCConfigurationList section */

/* Begin XCVersionGroup section */
		1586D224182E90B7007C7693 /* FirstEntities.xcdatamodeld */ = {
			isa = XCVersionGroup;
			children = (
				1586D225182E90B7007C7693 /* FirstEntities.xcdatamodel */,
			);
			currentVersion = 1586D225182E90B7007C7693 /* FirstEntities.xcdatamodel */;
			path = FirstEntities.xcdatamodeld;
			sourceTree = "<group>";
			versionGroupType = wrapper.xcdatamodel;
		};
/* End XCVersionGroup section */
	};
	rootObject = 1586D1FF182E90B7007C7693 /* Project object */;
}
